{
  "object": {
    "pins": [
      {
        "package": "EventEmitter",
        "repositoryURL": "https://github.com/spencerkohan/Swift-EventEmitter",
        "state": {
          "branch": "master",
          "revision": "eebde4c3c96a370e0eec58a136334f11fe0cd0b0",
          "version": null
        }
      }
    ]
  },
  "version": 1
}
